
Microsoft Visual Studio Solution File, Format Version 12.00
# Visual Studio Version 17
VisualStudioVersion = 17.5.33414.496
MinimumVisualStudioVersion = 10.0.40219.1
Project("{FAE04EC0-301F-11D3-BF4B-00C04F79EFBC}") = "WebApplication4", "WebApplication4\WebApplication4.csproj", "{AA33062A-535C-43D9-B5ED-16FF7E171E18}"
EndProject
Global
	GlobalSection(SolutionConfigurationPlatforms) = preSolution
		Debug|Any CPU = Debug|Any CPU
		Release|Any CPU = Release|Any CPU
	EndGlobalSection
	GlobalSection(ProjectConfigurationPlatforms) = postSolution
		{AA33062A-535C-43D9-B5ED-16FF7E171E18}.Debug|Any CPU.ActiveCfg = Debug|Any CPU
		{AA33062A-535C-43D9-B5ED-16FF7E171E18}.Debug|Any CPU.Build.0 = Debug|Any CPU
		{AA33062A-535C-43D9-B5ED-16FF7E171E18}.Release|Any CPU.ActiveCfg = Release|Any CPU
		{AA33062A-535C-43D9-B5ED-16FF7E171E18}.Release|Any CPU.Build.0 = Release|Any CPU
	EndGlobalSection
	GlobalSection(SolutionProperties) = preSolution
		HideSolutionNode = FALSE
	EndGlobalSection
	GlobalSection(ExtensibilityGlobals) = postSolution
		SolutionGuid = {23990624-EE6C-45AE-A8A5-64242E73BF07}
	EndGlobalSection
EndGlobal
